
Microsoft Visual Studio Solution File, Format Version 12.00
# Visual Studio Version 17
VisualStudioVersion = 17.0.31903.59
MinimumVisualStudioVersion = 10.0.40219.1
Project("{2150E333-8FDC-42A3-9474-1A3956D46DE8}") = "src", "src", "{827E0CD3-B72D-47B6-A68D-7590B98EB39B}"
EndProject
Project("{FAE04EC0-301F-11D3-BF4B-00C04F79EFBC}") = "AutoAxxiz.Api", "src\AutoAxxiz.Api\AutoAxxiz.Api.csproj", "{94E1D33C-94E3-4EEF-8A10-BB0FB08FD2AB}"
EndProject
Project("{FAE04EC0-301F-11D3-BF4B-00C04F79EFBC}") = "AutoAxxiz.Application", "src\AutoAxxiz.Application\AutoAxxiz.Application.csproj", "{95439E8B-536D-42CA-89CA-20FDE8B4EF2A}"
EndProject
Project("{FAE04EC0-301F-11D3-BF4B-00C04F79EFBC}") = "AutoAxxiz.Domain", "src\AutoAxxiz.Domain\AutoAxxiz.Domain.csproj", "{63EE94AE-2DB9-4A55-9424-2D51DCC80BA1}"
EndProject
Project("{FAE04EC0-301F-11D3-BF4B-00C04F79EFBC}") = "AutoAxxiz.Infrastructure", "src\AutoAxxiz.Infrastructure\AutoAxxiz.Infrastructure.csproj", "{ABE1A7B9-A99C-44BE-95A8-7E060A9A6BFB}"
EndProject
Project("{2150E333-8FDC-42A3-9474-1A3956D46DE8}") = "tests", "tests", "{0AB3BF05-4346-4AA6-1389-037BE0695223}"
EndProject
Project("{FAE04EC0-301F-11D3-BF4B-00C04F79EFBC}") = "AutoAxxiz.IntegrationTests", "tests\AutoAxxiz.IntegrationTests\AutoAxxiz.IntegrationTests.csproj", "{82135E5E-BDDC-4049-9894-E1A82C1749D4}"
EndProject
Project("{FAE04EC0-301F-11D3-BF4B-00C04F79EFBC}") = "AutoAxxiz.UnitTests", "tests\AutoAxxiz.UnitTests\AutoAxxiz.UnitTests.csproj", "{F6DAE644-391D-44D3-B1F9-98D225251B67}"
EndProject
Global
	GlobalSection(SolutionConfigurationPlatforms) = preSolution
		Debug|Any CPU = Debug|Any CPU
		Debug|x64 = Debug|x64
		Debug|x86 = Debug|x86
		Release|Any CPU = Release|Any CPU
		Release|x64 = Release|x64
		Release|x86 = Release|x86
	EndGlobalSection
	GlobalSection(ProjectConfigurationPlatforms) = postSolution
		{94E1D33C-94E3-4EEF-8A10-BB0FB08FD2AB}.Debug|Any CPU.ActiveCfg = Debug|Any CPU
		{94E1D33C-94E3-4EEF-8A10-BB0FB08FD2AB}.Debug|Any CPU.Build.0 = Debug|Any CPU
		{94E1D33C-94E3-4EEF-8A10-BB0FB08FD2AB}.Debug|x64.ActiveCfg = Debug|Any CPU
		{94E1D33C-94E3-4EEF-8A10-BB0FB08FD2AB}.Debug|x64.Build.0 = Debug|Any CPU
		{94E1D33C-94E3-4EEF-8A10-BB0FB08FD2AB}.Debug|x86.ActiveCfg = Debug|Any CPU
		{94E1D33C-94E3-4EEF-8A10-BB0FB08FD2AB}.Debug|x86.Build.0 = Debug|Any CPU
		{94E1D33C-94E3-4EEF-8A10-BB0FB08FD2AB}.Release|Any CPU.ActiveCfg = Release|Any CPU
		{94E1D33C-94E3-4EEF-8A10-BB0FB08FD2AB}.Release|Any CPU.Build.0 = Release|Any CPU
		{94E1D33C-94E3-4EEF-8A10-BB0FB08FD2AB}.Release|x64.ActiveCfg = Release|Any CPU
		{94E1D33C-94E3-4EEF-8A10-BB0FB08FD2AB}.Release|x64.Build.0 = Release|Any CPU
		{94E1D33C-94E3-4EEF-8A10-BB0FB08FD2AB}.Release|x86.ActiveCfg = Release|Any CPU
		{94E1D33C-94E3-4EEF-8A10-BB0FB08FD2AB}.Release|x86.Build.0 = Release|Any CPU
		{95439E8B-536D-42CA-89CA-20FDE8B4EF2A}.Debug|Any CPU.ActiveCfg = Debug|Any CPU
		{95439E8B-536D-42CA-89CA-20FDE8B4EF2A}.Debug|Any CPU.Build.0 = Debug|Any CPU
		{95439E8B-536D-42CA-89CA-20FDE8B4EF2A}.Debug|x64.ActiveCfg = Debug|Any CPU
		{95439E8B-536D-42CA-89CA-20FDE8B4EF2A}.Debug|x64.Build.0 = Debug|Any CPU
		{95439E8B-536D-42CA-89CA-20FDE8B4EF2A}.Debug|x86.ActiveCfg = Debug|Any CPU
		{95439E8B-536D-42CA-89CA-20FDE8B4EF2A}.Debug|x86.Build.0 = Debug|Any CPU
		{95439E8B-536D-42CA-89CA-20FDE8B4EF2A}.Release|Any CPU.ActiveCfg = Release|Any CPU
		{95439E8B-536D-42CA-89CA-20FDE8B4EF2A}.Release|Any CPU.Build.0 = Release|Any CPU
		{95439E8B-536D-42CA-89CA-20FDE8B4EF2A}.Release|x64.ActiveCfg = Release|Any CPU
		{95439E8B-536D-42CA-89CA-20FDE8B4EF2A}.Release|x64.Build.0 = Release|Any CPU
		{95439E8B-536D-42CA-89CA-20FDE8B4EF2A}.Release|x86.ActiveCfg = Release|Any CPU
		{95439E8B-536D-42CA-89CA-20FDE8B4EF2A}.Release|x86.Build.0 = Release|Any CPU
		{63EE94AE-2DB9-4A55-9424-2D51DCC80BA1}.Debug|Any CPU.ActiveCfg = Debug|Any CPU
		{63EE94AE-2DB9-4A55-9424-2D51DCC80BA1}.Debug|Any CPU.Build.0 = Debug|Any CPU
		{63EE94AE-2DB9-4A55-9424-2D51DCC80BA1}.Debug|x64.ActiveCfg = Debug|Any CPU
		{63EE94AE-2DB9-4A55-9424-2D51DCC80BA1}.Debug|x64.Build.0 = Debug|Any CPU
		{63EE94AE-2DB9-4A55-9424-2D51DCC80BA1}.Debug|x86.ActiveCfg = Debug|Any CPU
		{63EE94AE-2DB9-4A55-9424-2D51DCC80BA1}.Debug|x86.Build.0 = Debug|Any CPU
		{63EE94AE-2DB9-4A55-9424-2D51DCC80BA1}.Release|Any CPU.ActiveCfg = Release|Any CPU
		{63EE94AE-2DB9-4A55-9424-2D51DCC80BA1}.Release|Any CPU.Build.0 = Release|Any CPU
		{63EE94AE-2DB9-4A55-9424-2D51DCC80BA1}.Release|x64.ActiveCfg = Release|Any CPU
		{63EE94AE-2DB9-4A55-9424-2D51DCC80BA1}.Release|x64.Build.0 = Release|Any CPU
		{63EE94AE-2DB9-4A55-9424-2D51DCC80BA1}.Release|x86.ActiveCfg = Release|Any CPU
		{63EE94AE-2DB9-4A55-9424-2D51DCC80BA1}.Release|x86.Build.0 = Release|Any CPU
		{ABE1A7B9-A99C-44BE-95A8-7E060A9A6BFB}.Debug|Any CPU.ActiveCfg = Debug|Any CPU
		{ABE1A7B9-A99C-44BE-95A8-7E060A9A6BFB}.Debug|Any CPU.Build.0 = Debug|Any CPU
		{ABE1A7B9-A99C-44BE-95A8-7E060A9A6BFB}.Debug|x64.ActiveCfg = Debug|Any CPU
		{ABE1A7B9-A99C-44BE-95A8-7E060A9A6BFB}.Debug|x64.Build.0 = Debug|Any CPU
		{ABE1A7B9-A99C-44BE-95A8-7E060A9A6BFB}.Debug|x86.ActiveCfg = Debug|Any CPU
		{ABE1A7B9-A99C-44BE-95A8-7E060A9A6BFB}.Debug|x86.Build.0 = Debug|Any CPU
		{ABE1A7B9-A99C-44BE-95A8-7E060A9A6BFB}.Release|Any CPU.ActiveCfg = Release|Any CPU
		{ABE1A7B9-A99C-44BE-95A8-7E060A9A6BFB}.Release|Any CPU.Build.0 = Release|Any CPU
		{ABE1A7B9-A99C-44BE-95A8-7E060A9A6BFB}.Release|x64.ActiveCfg = Release|Any CPU
		{ABE1A7B9-A99C-44BE-95A8-7E060A9A6BFB}.Release|x64.Build.0 = Release|Any CPU
		{ABE1A7B9-A99C-44BE-95A8-7E060A9A6BFB}.Release|x86.ActiveCfg = Release|Any CPU
		{ABE1A7B9-A99C-44BE-95A8-7E060A9A6BFB}.Release|x86.Build.0 = Release|Any CPU
		{82135E5E-BDDC-4049-9894-E1A82C1749D4}.Debug|Any CPU.ActiveCfg = Debug|Any CPU
		{82135E5E-BDDC-4049-9894-E1A82C1749D4}.Debug|Any CPU.Build.0 = Debug|Any CPU
		{82135E5E-BDDC-4049-9894-E1A82C1749D4}.Debug|x64.ActiveCfg = Debug|Any CPU
		{82135E5E-BDDC-4049-9894-E1A82C1749D4}.Debug|x64.Build.0 = Debug|Any CPU
		{82135E5E-BDDC-4049-9894-E1A82C1749D4}.Debug|x86.ActiveCfg = Debug|Any CPU
		{82135E5E-BDDC-4049-9894-E1A82C1749D4}.Debug|x86.Build.0 = Debug|Any CPU
		{82135E5E-BDDC-4049-9894-E1A82C1749D4}.Release|Any CPU.ActiveCfg = Release|Any CPU
		{82135E5E-BDDC-4049-9894-E1A82C1749D4}.Release|Any CPU.Build.0 = Release|Any CPU
		{82135E5E-BDDC-4049-9894-E1A82C1749D4}.Release|x64.ActiveCfg = Release|Any CPU
		{82135E5E-BDDC-4049-9894-E1A82C1749D4}.Release|x64.Build.0 = Release|Any CPU
		{82135E5E-BDDC-4049-9894-E1A82C1749D4}.Release|x86.ActiveCfg = Release|Any CPU
		{82135E5E-BDDC-4049-9894-E1A82C1749D4}.Release|x86.Build.0 = Release|Any CPU
		{F6DAE644-391D-44D3-B1F9-98D225251B67}.Debug|Any CPU.ActiveCfg = Debug|Any CPU
		{F6DAE644-391D-44D3-B1F9-98D225251B67}.Debug|Any CPU.Build.0 = Debug|Any CPU
		{F6DAE644-391D-44D3-B1F9-98D225251B67}.Debug|x64.ActiveCfg = Debug|Any CPU
		{F6DAE644-391D-44D3-B1F9-98D225251B67}.Debug|x64.Build.0 = Debug|Any CPU
		{F6DAE644-391D-44D3-B1F9-98D225251B67}.Debug|x86.ActiveCfg = Debug|Any CPU
		{F6DAE644-391D-44D3-B1F9-98D225251B67}.Debug|x86.Build.0 = Debug|Any CPU
		{F6DAE644-391D-44D3-B1F9-98D225251B67}.Release|Any CPU.ActiveCfg = Release|Any CPU
		{F6DAE644-391D-44D3-B1F9-98D225251B67}.Release|Any CPU.Build.0 = Release|Any CPU
		{F6DAE644-391D-44D3-B1F9-98D225251B67}.Release|x64.ActiveCfg = Release|Any CPU
		{F6DAE644-391D-44D3-B1F9-98D225251B67}.Release|x64.Build.0 = Release|Any CPU
		{F6DAE644-391D-44D3-B1F9-98D225251B67}.Release|x86.ActiveCfg = Release|Any CPU
		{F6DAE644-391D-44D3-B1F9-98D225251B67}.Release|x86.Build.0 = Release|Any CPU
	EndGlobalSection
	GlobalSection(SolutionProperties) = preSolution
		HideSolutionNode = FALSE
	EndGlobalSection
	GlobalSection(NestedProjects) = preSolution
		{94E1D33C-94E3-4EEF-8A10-BB0FB08FD2AB} = {827E0CD3-B72D-47B6-A68D-7590B98EB39B}
		{95439E8B-536D-42CA-89CA-20FDE8B4EF2A} = {827E0CD3-B72D-47B6-A68D-7590B98EB39B}
		{63EE94AE-2DB9-4A55-9424-2D51DCC80BA1} = {827E0CD3-B72D-47B6-A68D-7590B98EB39B}
		{ABE1A7B9-A99C-44BE-95A8-7E060A9A6BFB} = {827E0CD3-B72D-47B6-A68D-7590B98EB39B}
		{82135E5E-BDDC-4049-9894-E1A82C1749D4} = {0AB3BF05-4346-4AA6-1389-037BE0695223}
		{F6DAE644-391D-44D3-B1F9-98D225251B67} = {0AB3BF05-4346-4AA6-1389-037BE0695223}
	EndGlobalSection
EndGlobal
